# -------------------------------------------------------------------------- #
#
# Copyright (C) 1991-2014 Altera Corporation. All rights reserved.
# Your use of Altera Corporation's design tools, logic functions 
# and other software and tools, and its AMPP partner logic 
# functions, and any output files from any of the foregoing 
# (including device programming or simulation files), and any 
# associated documentation or information are expressly subject 
# to the terms and conditions of the Altera Program License 
# Subscription Agreement, the Altera Quartus II License Agreement,
# the Altera MegaCore Function License Agreement, or other 
# applicable license agreement, including, without limitation, 
# that your use is for the sole purpose of programming logic 
# devices manufactured by Altera and sold by Altera or its 
# authorized distributors.  Please refer to the applicable 
# agreement for further details.
#
# -------------------------------------------------------------------------- #
#
# Quartus II 64-Bit
# Version 14.1.0 Build 186 12/03/2014 SJ Web Edition
# Date created = 15:13:33  August 27, 2015
#
# -------------------------------------------------------------------------- #
#
# Notes:
#
# 1) The default values for assignments are stored in the file:
#		tube816test_assignment_defaults.qdf
#    If this file doesn't exist, see file:
#		assignment_defaults.qdf
#
# 2) Altera recommends that you do not modify this file. This
#    file is updated automatically by the Quartus II software
#    and any changes you make may be lost or overwritten.
#
# -------------------------------------------------------------------------- #


set_global_assignment -name FAMILY "Cyclone IV E"
set_global_assignment -name DEVICE EP4CE22F17C6
set_global_assignment -name TOP_LEVEL_ENTITY tube816test
set_global_assignment -name ORIGINAL_QUARTUS_VERSION 14.1.0
set_global_assignment -name PROJECT_CREATION_TIME_DATE "15:13:33  AUGUST 27, 2015"
set_global_assignment -name LAST_QUARTUS_VERSION "13.0 SP1"
set_global_assignment -name PROJECT_OUTPUT_DIRECTORY output_files
set_global_assignment -name MIN_CORE_JUNCTION_TEMP 0
set_global_assignment -name MAX_CORE_JUNCTION_TEMP 85
set_global_assignment -name ERROR_CHECK_FREQUENCY_DIVISOR 1
set_global_assignment -name NOMINAL_CORE_SUPPLY_VOLTAGE 1.2V
set_global_assignment -name EDA_SIMULATION_TOOL "ModelSim-Altera (VHDL)"
set_global_assignment -name EDA_OUTPUT_DATA_FORMAT VHDL -section_id eda_simulation
#============================================================
# LED
#============================================================
set_location_assignment PIN_A15 -to LED[0]
set_location_assignment PIN_A13 -to LED[1]
set_location_assignment PIN_B13 -to LED[2]
set_location_assignment PIN_A11 -to LED[3]
set_location_assignment PIN_D1 -to LED[4]
set_location_assignment PIN_F3 -to LED[5]
set_location_assignment PIN_B1 -to LED[6]
set_location_assignment PIN_L3 -to LED[7]

#============================================================
# KEY
#============================================================
set_location_assignment PIN_J15 -to KEY[0]
set_location_assignment PIN_E1 -to KEY[1]


#============================================================
# TUBE SILENCER ON JP2
#============================================================

set_location_assignment PIN_T10 -to HOST_nRST
set_location_assignment PIN_R11 -to HOST_D[0]
set_location_assignment PIN_P11 -to HOST_nTUBE
set_location_assignment PIN_R10 -to HOST_D[1]
set_location_assignment PIN_N12 -to HOST_nIRQ
set_location_assignment PIN_P9 -to HOST_D[2]
set_location_assignment PIN_N9 -to HOST_2MHzE
set_location_assignment PIN_N11 -to HOST_D[3]
set_location_assignment PIN_L16 -to HOST_RnW
set_location_assignment PIN_K16 -to HOST_D[4]
set_location_assignment PIN_R16 -to HOST_A[2]
set_location_assignment PIN_L15 -to HOST_D[5]
set_location_assignment PIN_P15 -to HOST_A[1]
set_location_assignment PIN_P16 -to HOST_D[6]
set_location_assignment PIN_R14 -to HOST_A[0]
set_location_assignment PIN_N16 -to HOST_D[7]




set_location_assignment PIN_D3 -to GPIO_00

set_location_assignment PIN_R8 -to CLOCK_50
set_global_assignment -name POWER_PRESET_COOLING_SOLUTION "23 MM HEAT SINK WITH 200 LFPM AIRFLOW"
set_global_assignment -name POWER_BOARD_THERMAL_MODEL "NONE (CONSERVATIVE)"
set_instance_assignment -name IO_STANDARD "3.3-V LVTTL" -to LED[0]
set_instance_assignment -name IO_STANDARD "3.3-V LVTTL" -to LED[1]
set_instance_assignment -name IO_STANDARD "3.3-V LVTTL" -to LED[2]
set_instance_assignment -name IO_STANDARD "3.3-V LVTTL" -to LED[3]
set_instance_assignment -name IO_STANDARD "3.3-V LVTTL" -to LED[4]
set_instance_assignment -name IO_STANDARD "3.3-V LVTTL" -to LED[5]
set_instance_assignment -name IO_STANDARD "3.3-V LVTTL" -to LED[6]
set_instance_assignment -name IO_STANDARD "3.3-V LVTTL" -to LED[7]
set_instance_assignment -name IO_STANDARD "3.3-V LVTTL" -to KEY[0]
set_instance_assignment -name IO_STANDARD "3.3-V LVTTL" -to KEY[1]
set_instance_assignment -name IO_STANDARD "3.3-V LVTTL" -to HOST_nRST
set_instance_assignment -name IO_STANDARD "3.3-V LVTTL" -to HOST_D[0]
set_instance_assignment -name IO_STANDARD "3.3-V LVTTL" -to HOST_nTUBE
set_instance_assignment -name IO_STANDARD "3.3-V LVTTL" -to HOST_D[1]
set_instance_assignment -name IO_STANDARD "3.3-V LVTTL" -to HOST_nIRQ
set_instance_assignment -name IO_STANDARD "3.3-V LVTTL" -to HOST_D[2]
set_instance_assignment -name IO_STANDARD "3.3-V LVTTL" -to HOST_2MHzE
set_instance_assignment -name IO_STANDARD "3.3-V LVTTL" -to HOST_D[3]
set_instance_assignment -name IO_STANDARD "3.3-V LVTTL" -to HOST_RnW
set_instance_assignment -name IO_STANDARD "3.3-V LVTTL" -to HOST_D[4]
set_instance_assignment -name IO_STANDARD "3.3-V LVTTL" -to HOST_A[2]
set_instance_assignment -name IO_STANDARD "3.3-V LVTTL" -to HOST_D[5]
set_instance_assignment -name IO_STANDARD "3.3-V LVTTL" -to HOST_A[1]
set_instance_assignment -name IO_STANDARD "3.3-V LVTTL" -to HOST_D[6]
set_instance_assignment -name IO_STANDARD "3.3-V LVTTL" -to HOST_A[0]
set_instance_assignment -name IO_STANDARD "3.3-V LVTTL" -to HOST_D[7]

#============================================================
# GPIO_0, GPIO_0 connect to GPIO Default
#============================================================
set_location_assignment PIN_A8 -to T_VDA
set_location_assignment PIN_D3 -to T_BA17
set_location_assignment PIN_B8 -to T_VPA
set_location_assignment PIN_C3 -to T_nCSROM
set_location_assignment PIN_A2 -to T_VPB
set_location_assignment PIN_A3 -to T_nCSRAM0
set_location_assignment PIN_B3 -to T_BA16
set_location_assignment PIN_B4 -to T_nCSRAM1
set_location_assignment PIN_A4 -to T_nNMI
set_location_assignment PIN_B5 -to T_phi2
set_location_assignment PIN_A5 -to T_nIRQ
set_location_assignment PIN_D5 -to T_nATOP
set_location_assignment PIN_B6 -to T_nRST
set_location_assignment PIN_A6 -to T_A[11]
set_location_assignment PIN_B7 -to T_EXTRA
set_location_assignment PIN_D6 -to T_A[10]
set_location_assignment PIN_A7 -to T_D[7]
set_location_assignment PIN_C6 -to T_A[9]
set_location_assignment PIN_C8 -to T_D[6]
set_location_assignment PIN_E6 -to T_A[8]
set_location_assignment PIN_E7 -to T_D[5]
set_location_assignment PIN_D8 -to T_A[7]
set_location_assignment PIN_E8 -to T_D[4]
set_location_assignment PIN_F8 -to T_A[6]
set_location_assignment PIN_F9 -to T_D[3]
set_location_assignment PIN_E9 -to T_A[5]
set_location_assignment PIN_C9 -to T_D[2]
set_location_assignment PIN_D9 -to T_A[4]
set_location_assignment PIN_E11 -to T_D[1]
set_location_assignment PIN_E10 -to T_A[3]
set_location_assignment PIN_C11 -to T_D[0]
set_location_assignment PIN_B11 -to T_A[2]
set_location_assignment PIN_A12 -to T_Ddir
set_location_assignment PIN_D11 -to T_A[1]
set_location_assignment PIN_D12 -to T_RnW
set_location_assignment PIN_B12 -to T_A[0]

set_instance_assignment -name IO_STANDARD "3.3-V LVTTL" -to T_VDA
set_instance_assignment -name IO_STANDARD "3.3-V LVTTL" -to T_BA17
set_instance_assignment -name IO_STANDARD "3.3-V LVTTL" -to T_VPA
set_instance_assignment -name IO_STANDARD "3.3-V LVTTL" -to T_nCSROM
set_instance_assignment -name IO_STANDARD "3.3-V LVTTL" -to T_VPB
set_instance_assignment -name IO_STANDARD "3.3-V LVTTL" -to T_nCSRAM0
set_instance_assignment -name IO_STANDARD "3.3-V LVTTL" -to T_BA16
set_instance_assignment -name IO_STANDARD "3.3-V LVTTL" -to T_nCSRAM1
set_instance_assignment -name IO_STANDARD "3.3-V LVTTL" -to T_nNMI
set_instance_assignment -name IO_STANDARD "3.3-V LVTTL" -to T_phi2
set_instance_assignment -name IO_STANDARD "3.3-V LVTTL" -to T_nIRQ
set_instance_assignment -name IO_STANDARD "3.3-V LVTTL" -to T_nATOP
set_instance_assignment -name IO_STANDARD "3.3-V LVTTL" -to T_nRST
set_instance_assignment -name IO_STANDARD "3.3-V LVTTL" -to T_A[11]
set_instance_assignment -name IO_STANDARD "3.3-V LVTTL" -to T_EXTRA
set_instance_assignment -name IO_STANDARD "3.3-V LVTTL" -to T_A[10]
set_instance_assignment -name IO_STANDARD "3.3-V LVTTL" -to T_D[7]
set_instance_assignment -name IO_STANDARD "3.3-V LVTTL" -to T_A[9]
set_instance_assignment -name IO_STANDARD "3.3-V LVTTL" -to T_D[6]
set_instance_assignment -name IO_STANDARD "3.3-V LVTTL" -to T_A[8]
set_instance_assignment -name IO_STANDARD "3.3-V LVTTL" -to T_D[5]
set_instance_assignment -name IO_STANDARD "3.3-V LVTTL" -to T_A[7]
set_instance_assignment -name IO_STANDARD "3.3-V LVTTL" -to T_D[4]
set_instance_assignment -name IO_STANDARD "3.3-V LVTTL" -to T_A[6]
set_instance_assignment -name IO_STANDARD "3.3-V LVTTL" -to T_D[3]
set_instance_assignment -name IO_STANDARD "3.3-V LVTTL" -to T_A[5]
set_instance_assignment -name IO_STANDARD "3.3-V LVTTL" -to T_D[2]
set_instance_assignment -name IO_STANDARD "3.3-V LVTTL" -to T_A[4]
set_instance_assignment -name IO_STANDARD "3.3-V LVTTL" -to T_D[1]
set_instance_assignment -name IO_STANDARD "3.3-V LVTTL" -to T_A[3]
set_instance_assignment -name IO_STANDARD "3.3-V LVTTL" -to T_D[0]
set_instance_assignment -name IO_STANDARD "3.3-V LVTTL" -to T_A[2]
set_instance_assignment -name IO_STANDARD "3.3-V LVTTL" -to T_Ddir
set_instance_assignment -name IO_STANDARD "3.3-V LVTTL" -to T_A[1]
set_instance_assignment -name IO_STANDARD "3.3-V LVTTL" -to T_RnW
set_instance_assignment -name IO_STANDARD "3.3-V LVTTL" -to T_A[0]


set_location_assignment PIN_C14 -to GPIO_22
set_instance_assignment -name IO_STANDARD "3.3-V LVTTL" -to GPIO_22


set_global_assignment -name PARTITION_NETLIST_TYPE SOURCE -section_id Top
set_global_assignment -name PARTITION_FITTER_PRESERVATION_LEVEL PLACEMENT_AND_ROUTING -section_id Top
set_global_assignment -name PARTITION_COLOR 16764057 -section_id Top
set_global_assignment -name VHDL_FILE PAR_CLK.vhd
set_global_assignment -name SDC_FILE tube816test.sdc
set_global_assignment -name SOURCE_FILE tube816test.qsf
set_global_assignment -name VHDL_FILE tube816test_tb.vhd
set_global_assignment -name VHDL_FILE tube816test.vhd
set_global_assignment -name VHDL_FILE TUBE.vhd
set_global_assignment -name VHDL_FILE reg_simplex.vhd
set_global_assignment -name VHDL_FILE reg_duplex.vhd
set_global_assignment -name VHDL_FILE flancter.vhd
set_global_assignment -name CDF_FILE output_files/Chain1.cdf
set_global_assignment -name CDF_FILE output_files/Chain2.cdf
set_global_assignment -name STRATIX_DEVICE_IO_STANDARD "2.5 V"
set_global_assignment -name CDF_FILE output_files/Chain3.cdf
set_instance_assignment -name PARTITION_HIERARCHY root_partition -to | -section_id Top